// !$*UTF8*$!
{
	archiveVersion = 1;
	classes = {
	};
	objectVersion = 77;
	objects = {

/* Begin PBXBuildFile section */
		FA5F04A42F4198BC008C216A /* Assets.xcassets in Resources */ = {isa = PBXBuildFile; fileRef = FA5F04A02F4198BC008C216A /* Assets.xcassets */; };
		FA5F04A62F4198BC008C216A /* KitchenCalcApp.swift in Sources */ = {isa = PBXBuildFile; fileRef = FA5F04A22F4198BC008C216A /* KitchenCalcApp.swift */; };
		FAA127A92F726C2F0099CAFB /* Theme.swift in Sources */ = {isa = PBXBuildFile; fileRef = FAA127A82F726C2B0099CAFB /* Theme.swift */; };
		FAA127B72F72D9DC0099CAFB /* CalcView.swift in Sources */ = {isa = PBXBuildFile; fileRef = FAA127B12F72D9DC0099CAFB /* CalcView.swift */; };
		FAA127B82F72D9DC0099CAFB /* Measure.swift in Sources */ = {isa = PBXBuildFile; fileRef = FAA127AB2F72D9DC0099CAFB /* Measure.swift */; };
		FAA127B92F72D9DC0099CAFB /* SolveResult.swift in Sources */ = {isa = PBXBuildFile; fileRef = FAA127AC2F72D9DC0099CAFB /* SolveResult.swift */; };
		FAA127BA2F72D9DC0099CAFB /* ViewModel.swift in Sources */ = {isa = PBXBuildFile; fileRef = FAA127AF2F72D9DC0099CAFB /* ViewModel.swift */; };
		FAA127BB2F72D9DC0099CAFB /* ResultCell.swift in Sources */ = {isa = PBXBuildFile; fileRef = FAA127B42F72D9DC0099CAFB /* ResultCell.swift */; };
		FAA127BC2F72D9DC0099CAFB /* ContentView.swift in Sources */ = {isa = PBXBuildFile; fileRef = FAA127B22F72D9DC0099CAFB /* ContentView.swift */; };
		FAA127BE2F72D9DC0099CAFB /* Ingredient.swift in Sources */ = {isa = PBXBuildFile; fileRef = FAA127AA2F72D9DC0099CAFB /* Ingredient.swift */; };
		FAAB5CB72F74FB2100FDB325 /* SettingsView.swift in Sources */ = {isa = PBXBuildFile; fileRef = FAAB5CB62F74FB2100FDB325 /* SettingsView.swift */; };
		FAAB5CB92F75C1B400FDB325 /* ProductSheetView.swift in Sources */ = {isa = PBXBuildFile; fileRef = FAAB5CB82F75C1B400FDB325 /* ProductSheetView.swift */; };
		FAAB5CBB2F76A0C100FDB325 /* AddIngredientView.swift in Sources */ = {isa = PBXBuildFile; fileRef = FAAB5CBA2F76A0C100FDB325 /* AddIngredientView.swift */; };
		FAAB5CBD2F77944F00FDB325 /* Localizable.xcstrings in Resources */ = {isa = PBXBuildFile; fileRef = FAAB5CBC2F77944F00FDB325 /* Localizable.xcstrings */; };
		FAAB5D5E2F798A5100FDB325 /* Badge.swift in Sources */ = {isa = PBXBuildFile; fileRef = FAAB5D5D2F798A5100FDB325 /* Badge.swift */; };
		FAAB5D602F7B0F9C00FDB325 /* CustomMeasuresView.swift in Sources */ = {isa = PBXBuildFile; fileRef = FAAB5D5F2F7B0F9C00FDB325 /* CustomMeasuresView.swift */; };
/* End PBXBuildFile section */

/* Begin PBXFileReference section */
		FA5F048C2F4044E6008C216A /* KitchenCalc.app */ = {isa = PBXFileReference; explicitFileType = wrapper.application; includeInIndex = 0; path = KitchenCalc.app; sourceTree = BUILT_PRODUCTS_DIR; };
		FA5F04A02F4198BC008C216A /* Assets.xcassets */ = {isa = PBXFileReference; lastKnownFileType = folder.assetcatalog; path = Assets.xcassets; sourceTree = "<group>"; };
		FA5F04A22F4198BC008C216A /* KitchenCalcApp.swift */ = {isa = PBXFileReference; lastKnownFileType = sourcecode.swift; path = KitchenCalcApp.swift; sourceTree = "<group>"; };
		FAA127A82F726C2B0099CAFB /* Theme.swift */ = {isa = PBXFileReference; lastKnownFileType = sourcecode.swift; path = Theme.swift; sourceTree = "<group>"; };
		FAA127AA2F72D9DC0099CAFB /* Ingredient.swift */ = {isa = PBXFileReference; lastKnownFileType = sourcecode.swift; path = Ingredient.swift; sourceTree = "<group>"; };
		FAA127AB2F72D9DC0099CAFB /* Measure.swift */ = {isa = PBXFileReference; lastKnownFileType = sourcecode.swift; path = Measure.swift; sourceTree = "<group>"; };
		FAA127AC2F72D9DC0099CAFB /* SolveResult.swift */ = {isa = PBXFileReference; lastKnownFileType = sourcecode.swift; path = SolveResult.swift; sourceTree = "<group>"; };
		FAA127AF2F72D9DC0099CAFB /* ViewModel.swift */ = {isa = PBXFileReference; lastKnownFileType = sourcecode.swift; path = ViewModel.swift; sourceTree = "<group>"; };
		FAA127B12F72D9DC0099CAFB /* CalcView.swift */ = {isa = PBXFileReference; lastKnownFileType = sourcecode.swift; path = CalcView.swift; sourceTree = "<group>"; };
		FAA127B22F72D9DC0099CAFB /* ContentView.swift */ = {isa = PBXFileReference; lastKnownFileType = sourcecode.swift; path = ContentView.swift; sourceTree = "<group>"; };
		FAA127B42F72D9DC0099CAFB /* ResultCell.swift */ = {isa = PBXFileReference; lastKnownFileType = sourcecode.swift; path = ResultCell.swift; sourceTree = "<group>"; };
		FAAB5CB62F74FB2100FDB325 /* SettingsView.swift */ = {isa = PBXFileReference; lastKnownFileType = sourcecode.swift; path = SettingsView.swift; sourceTree = "<group>"; };
		FAAB5CB82F75C1B400FDB325 /* ProductSheetView.swift */ = {isa = PBXFileReference; lastKnownFileType = sourcecode.swift; path = ProductSheetView.swift; sourceTree = "<group>"; };
		FAAB5CBA2F76A0C100FDB325 /* AddIngredientView.swift */ = {isa = PBXFileReference; lastKnownFileType = sourcecode.swift; path = AddIngredientView.swift; sourceTree = "<group>"; };
		FAAB5CBC2F77944F00FDB325 /* Localizable.xcstrings */ = {isa = PBXFileReference; lastKnownFileType = text.json.xcstrings; path = Localizable.xcstrings; sourceTree = "<group>"; };
		FAAB5D5D2F798A5100FDB325 /* Badge.swift */ = {isa = PBXFileReference; lastKnownFileType = sourcecode.swift; path = Badge.swift; sourceTree = "<group>"; };
		FAAB5D5F2F7B0F9C00FDB325 /* CustomMeasuresView.swift */ = {isa = PBXFileReference; lastKnownFileType = sourcecode.swift; path = CustomMeasuresView.swift; sourceTree = "<group>"; };
/* End PBXFileReference section */

/* Begin PBXFrameworksBuildPhase section */
		FA5F04892F4044E6008C216A /* Frameworks */ = {
			isa = PBXFrameworksBuildPhase;
			buildActionMask = 2147483647;
			files = (
			);
			runOnlyForDeploymentPostprocessing = 0;
		};
/* End PBXFrameworksBuildPhase section */

/* Begin PBXGroup section */
		FA5F04832F4044E6008C216A = {
			isa = PBXGroup;
			children = (
				FA5F04A02F4198BC008C216A /* Assets.xcassets */,
				FA5F04A32F4198BC008C216A /* KitchenCalc */,
				FA5F048D2F4044E6008C216A /* Products */,
			);
			sourceTree = "<group>";
		};
		FA5F048D2F4044E6008C216A /* Products */ = {
			isa = PBXGroup;
			children = (
				FA5F048C2F4044E6008C216A /* KitchenCalc.app */,
			);
			name = Products;
			sourceTree = "<group>";
		};
		FA5F04A32F4198BC008C216A /* KitchenCalc */ = {
			isa = PBXGroup;
			children = (
				FA5F04A22F4198BC008C216A /* KitchenCalcApp.swift */,
				FAAB5CBC2F77944F00FDB325 /* Localizable.xcstrings */,
				FAA127A72F726C140099CAFB /* Extensions */,
				FAA127AD2F72D9DC0099CAFB /* Models */,
				FAA127B02F72D9DC0099CAFB /* ViewModels */,
				FAA127B52F72D9DC0099CAFB /* Views */,
			);
			path = KitchenCalc;
			sourceTree = "<group>";
		};
		FAA127A72F726C140099CAFB /* Extensions */ = {
			isa = PBXGroup;
			children = (
				FAA127A82F726C2B0099CAFB /* Theme.swift */,
				FAAB5D5D2F798A5100FDB325 /* Badge.swift */,
			);
			path = Extensions;
			sourceTree = "<group>";
		};
		FAA127AD2F72D9DC0099CAFB /* Models */ = {
			isa = PBXGroup;
			children = (
				FAA127AA2F72D9DC0099CAFB /* Ingredient.swift */,
				FAA127AB2F72D9DC0099CAFB /* Measure.swift */,
				FAA127AC2F72D9DC0099CAFB /* SolveResult.swift */,
			);
			path = Models;
			sourceTree = "<group>";
		};
		FAA127B02F72D9DC0099CAFB /* ViewModels */ = {
			isa = PBXGroup;
			children = (
				FAA127AF2F72D9DC0099CAFB /* ViewModel.swift */,
			);
			path = ViewModels;
			sourceTree = "<group>";
		};
		FAA127B52F72D9DC0099CAFB /* Views */ = {
			isa = PBXGroup;
			children = (
				FAA127B12F72D9DC0099CAFB /* CalcView.swift */,
				FAAB5CB82F75C1B400FDB325 /* ProductSheetView.swift */,
				FAAB5D5F2F7B0F9C00FDB325 /* CustomMeasuresView.swift */,
				FAA127B22F72D9DC0099CAFB /* ContentView.swift */,
				FAA127B42F72D9DC0099CAFB /* ResultCell.swift */,
				FAAB5CB62F74FB2100FDB325 /* SettingsView.swift */,
				FAAB5CBA2F76A0C100FDB325 /* AddIngredientView.swift */,
			);
			path = Views;
			sourceTree = "<group>";
		};
/* End PBXGroup section */

/* Begin PBXNativeTarget section */
		FA5F048B2F4044E6008C216A /* KitchenCalc */ = {
			isa = PBXNativeTarget;
			buildConfigurationList = FA5F04972F4044E7008C216A /* Build configuration list for PBXNativeTarget "KitchenCalc" */;
			buildPhases = (
				FA5F04882F4044E6008C216A /* Sources */,
				FA5F04892F4044E6008C216A /* Frameworks */,
				FA5F048A2F4044E6008C216A /* Resources */,
			);
			buildRules = (
			);
			dependencies = (
			);
			name = KitchenCalc;
			packageProductDependencies = (
			);
			productName = KitchenCalc;
			productReference = FA5F048C2F4044E6008C216A /* KitchenCalc.app */;
			productType = "com.apple.product-type.application";
		};
/* End PBXNativeTarget section */

/* Begin PBXProject section */
		FA5F04842F4044E6008C216A /* Project object */ = {
			isa = PBXProject;
			attributes = {
				BuildIndependentTargetsInParallel = 1;
				LastSwiftUpdateCheck = 2620;
				LastUpgradeCheck = 2620;
				TargetAttributes = {
					FA5F048B2F4044E6008C216A = {
						CreatedOnToolsVersion = 26.2;
					};
				};
			};
			buildConfigurationList = FA5F04872F4044E6008C216A /* Build configuration list for PBXProject "KitchenCalc" */;
			developmentRegion = en;
			hasScannedForEncodings = 0;
			knownRegions = (
				en,
				Base,
				ru,
			);
			mainGroup = FA5F04832F4044E6008C216A;
			minimizedProjectReferenceProxies = 1;
			preferredProjectObjectVersion = 77;
			productRefGroup = FA5F048D2F4044E6008C216A /* Products */;
			projectDirPath = "";
			projectRoot = "";
			targets = (
				FA5F048B2F4044E6008C216A /* KitchenCalc */,
			);
		};
/* End PBXProject section */

/* Begin PBXResourcesBuildPhase section */
		FA5F048A2F4044E6008C216A /* Resources */ = {
			isa = PBXResourcesBuildPhase;
			buildActionMask = 2147483647;
			files = (
				FAAB5CBD2F77944F00FDB325 /* Localizable.xcstrings in Resources */,
				FA5F04A42F4198BC008C216A /* Assets.xcassets in Resources */,
			);
			runOnlyForDeploymentPostprocessing = 0;
		};
/* End PBXResourcesBuildPhase section */

/* Begin PBXSourcesBuildPhase section */
		FA5F04882F4044E6008C216A /* Sources */ = {
			isa = PBXSourcesBuildPhase;
			buildActionMask = 2147483647;
			files = (
				FAA127A92F726C2F0099CAFB /* Theme.swift in Sources */,
				FAA127B72F72D9DC0099CAFB /* CalcView.swift in Sources */,
				FAA127B82F72D9DC0099CAFB /* Measure.swift in Sources */,
				FAA127B92F72D9DC0099CAFB /* SolveResult.swift in Sources */,
				FAA127BA2F72D9DC0099CAFB /* ViewModel.swift in Sources */,
				FAAB5CB92F75C1B400FDB325 /* ProductSheetView.swift in Sources */,
				FAA127BB2F72D9DC0099CAFB /* ResultCell.swift in Sources */,
				FAA127BC2F72D9DC0099CAFB /* ContentView.swift in Sources */,
				FAAB5D602F7B0F9C00FDB325 /* CustomMeasuresView.swift in Sources */,
				FAAB5CB72F74FB2100FDB325 /* SettingsView.swift in Sources */,
				FAA127BE2F72D9DC0099CAFB /* Ingredient.swift in Sources */,
				FA5F04A62F4198BC008C216A /* KitchenCalcApp.swift in Sources */,
				FAAB5D5E2F798A5100FDB325 /* Badge.swift in Sources */,
				FAAB5CBB2F76A0C100FDB325 /* AddIngredientView.swift in Sources */,
			);
			runOnlyForDeploymentPostprocessing = 0;
		};
/* End PBXSourcesBuildPhase section */

/* Begin XCBuildConfiguration section */
		FA5F04952F4044E7008C216A /* Debug */ = {
			isa = XCBuildConfiguration;
			buildSettings = {
				ALWAYS_SEARCH_USER_PATHS = NO;
				ASSETCATALOG_COMPILER_GENERATE_SWIFT_ASSET_SYMBOL_EXTENSIONS = YES;
				CLANG_ANALYZER_NONNULL = YES;
				CLANG_ANALYZER_NUMBER_OBJECT_CONVERSION = YES_AGGRESSIVE;
				CLANG_CXX_LANGUAGE_STANDARD = "gnu++20";
				CLANG_ENABLE_MODULES = YES;
				CLANG_ENABLE_OBJC_ARC = YES;
				CLANG_ENABLE_OBJC_WEAK = YES;
				CLANG_WARN_BLOCK_CAPTURE_AUTORELEASING = YES;
				CLANG_WARN_BOOL_CONVERSION = YES;
				CLANG_WARN_COMMA = YES;
				CLANG_WARN_CONSTANT_CONVERSION = YES;
				CLANG_WARN_DEPRECATED_OBJC_IMPLEMENTATIONS = YES;
				CLANG_WARN_DIRECT_OBJC_ISA_USAGE = YES_ERROR;
				CLANG_WARN_DOCUMENTATION_COMMENTS = YES;
				CLANG_WARN_EMPTY_BODY = YES;
				CLANG_WARN_ENUM_CONVERSION = YES;
				CLANG_WARN_INFINITE_RECURSION = YES;
				CLANG_WARN_INT_CONVERSION = YES;
				CLANG_WARN_NON_LITERAL_NULL_CONVERSION = YES;
				CLANG_WARN_OBJC_IMPLICIT_RETAIN_SELF = YES;
				CLANG_WARN_OBJC_LITERAL_CONVERSION = YES;
				CLANG_WARN_OBJC_ROOT_CLASS = YES_ERROR;
				CLANG_WARN_QUOTED_INCLUDE_IN_FRAMEWORK_HEADER = YES;
				CLANG_WARN_RANGE_LOOP_ANALYSIS = YES;
				CLANG_WARN_STRICT_PROTOTYPES = YES;
				CLANG_WARN_SUSPICIOUS_MOVE = YES;
				CLANG_WARN_UNGUARDED_AVAILABILITY = YES_AGGRESSIVE;
				CLANG_WARN_UNREACHABLE_CODE = YES;
				CLANG_WARN__DUPLICATE_METHOD_MATCH = YES;
				COPY_PHASE_STRIP = NO;
				DEBUG_INFORMATION_FORMAT = dwarf;
				ENABLE_STRICT_OBJC_MSGSEND = YES;
				ENABLE_TESTABILITY = YES;
				ENABLE_USER_SCRIPT_SANDBOXING = YES;
				GCC_C_LANGUAGE_STANDARD = gnu17;
				GCC_DYNAMIC_NO_PIC = NO;
				GCC_NO_COMMON_BLOCKS = YES;
				GCC_OPTIMIZATION_LEVEL = 0;
				GCC_PREPROCESSOR_DEFINITIONS = (
					"DEBUG=1",
					"$(inherited)",
				);
				GCC_WARN_64_TO_32_BIT_CONVERSION = YES;
				GCC_WARN_ABOUT_RETURN_TYPE = YES_ERROR;
				GCC_WARN_UNDECLARED_SELECTOR = YES;
				GCC_WARN_UNINITIALIZED_AUTOS = YES_AGGRESSIVE;
				GCC_WARN_UNUSED_FUNCTION = YES;
				GCC_WARN_UNUSED_VARIABLE = YES;
				IPHONEOS_DEPLOYMENT_TARGET = 26.2;
				LOCALIZATION_PREFERS_STRING_CATALOGS = YES;
				MTL_ENABLE_DEBUG_INFO = INCLUDE_SOURCE;
				MTL_FAST_MATH = YES;
				ONLY_ACTIVE_ARCH = YES;
				SDKROOT = iphoneos;
				SWIFT_ACTIVE_COMPILATION_CONDITIONS = "DEBUG $(inherited)";
				SWIFT_EMIT_LOC_STRINGS = YES;
				SWIFT_OPTIMIZATION_LEVEL = "-Onone";
			};
			name = Debug;
		};
		FA5F04962F4044E7008C216A /* Release */ = {
			isa = XCBuildConfiguration;
			buildSettings = {
				ALWAYS_SEARCH_USER_PATHS = NO;
				ASSETCATALOG_COMPILER_GENERATE_SWIFT_ASSET_SYMBOL_EXTENSIONS = YES;
				CLANG_ANALYZER_NONNULL = YES;
				CLANG_ANALYZER_NUMBER_OBJECT_CONVERSION = YES_AGGRESSIVE;
				CLANG_CXX_LANGUAGE_STANDARD = "gnu++20";
				CLANG_ENABLE_MODULES = YES;
				CLANG_ENABLE_OBJC_ARC = YES;
				CLANG_ENABLE_OBJC_WEAK = YES;
				CLANG_WARN_BLOCK_CAPTURE_AUTORELEASING = YES;
				CLANG_WARN_BOOL_CONVERSION = YES;
				CLANG_WARN_COMMA = YES;
				CLANG_WARN_CONSTANT_CONVERSION = YES;
				CLANG_WARN_DEPRECATED_OBJC_IMPLEMENTATIONS = YES;
				CLANG_WARN_DIRECT_OBJC_ISA_USAGE = YES_ERROR;
				CLANG_WARN_DOCUMENTATION_COMMENTS = YES;
				CLANG_WARN_EMPTY_BODY = YES;
				CLANG_WARN_ENUM_CONVERSION = YES;
				CLANG_WARN_INFINITE_RECURSION = YES;
				CLANG_WARN_INT_CONVERSION = YES;
				CLANG_WARN_NON_LITERAL_NULL_CONVERSION = YES;
				CLANG_WARN_OBJC_IMPLICIT_RETAIN_SELF = YES;
				CLANG_WARN_OBJC_LITERAL_CONVERSION = YES;
				CLANG_WARN_OBJC_ROOT_CLASS = YES_ERROR;
				CLANG_WARN_QUOTED_INCLUDE_IN_FRAMEWORK_HEADER = YES;
				CLANG_WARN_RANGE_LOOP_ANALYSIS = YES;
				CLANG_WARN_STRICT_PROTOTYPES = YES;
				CLANG_WARN_SUSPICIOUS_MOVE = YES;
				CLANG_WARN_UNGUARDED_AVAILABILITY = YES_AGGRESSIVE;
				CLANG_WARN_UNREACHABLE_CODE = YES;
				CLANG_WARN__DUPLICATE_METHOD_MATCH = YES;
				COPY_PHASE_STRIP = NO;
				DEBUG_INFORMATION_FORMAT = "dwarf-with-dsym";
				ENABLE_NS_ASSERTIONS = NO;
				ENABLE_STRICT_OBJC_MSGSEND = YES;
				ENABLE_USER_SCRIPT_SANDBOXING = YES;
				GCC_C_LANGUAGE_STANDARD = gnu17;
				GCC_NO_COMMON_BLOCKS = YES;
				GCC_WARN_64_TO_32_BIT_CONVERSION = YES;
				GCC_WARN_ABOUT_RETURN_TYPE = YES_ERROR;
				GCC_WARN_UNDECLARED_SELECTOR = YES;
				GCC_WARN_UNINITIALIZED_AUTOS = YES_AGGRESSIVE;
				GCC_WARN_UNUSED_FUNCTION = YES;
				GCC_WARN_UNUSED_VARIABLE = YES;
				IPHONEOS_DEPLOYMENT_TARGET = 26.2;
				LOCALIZATION_PREFERS_STRING_CATALOGS = YES;
				MTL_ENABLE_DEBUG_INFO = NO;
				MTL_FAST_MATH = YES;
				SDKROOT = iphoneos;
				SWIFT_COMPILATION_MODE = wholemodule;
				SWIFT_EMIT_LOC_STRINGS = YES;
				VALIDATE_PRODUCT = YES;
			};
			name = Release;
		};
		FA5F04982F4044E7008C216A /* Debug */ = {
			isa = XCBuildConfiguration;
			buildSettings = {
				ASSETCATALOG_COMPILER_APPICON_NAME = AppIcon;
				ASSETCATALOG_COMPILER_GLOBAL_ACCENT_COLOR_NAME = AccentColor;
				CODE_SIGN_STYLE = Automatic;
				CURRENT_PROJECT_VERSION = 1;
				DEVELOPMENT_TEAM = BJSCG5463N;
				ENABLE_PREVIEWS = YES;
				GENERATE_INFOPLIST_FILE = YES;
				INFOPLIST_FILE = KitchenCalc/Info.plist;
				INFOPLIST_KEY_CFBundleDisplayName = "";
				INFOPLIST_KEY_LSApplicationCategoryType = "";
				INFOPLIST_KEY_NSHumanReadableCopyright = "";
				INFOPLIST_KEY_UIApplicationSceneManifest_Generation = YES;
				INFOPLIST_KEY_UIApplicationSupportsIndirectInputEvents = YES;
				INFOPLIST_KEY_UILaunchScreen_Generation = YES;
				INFOPLIST_KEY_UISupportedInterfaceOrientations_iPad = "UIInterfaceOrientationPortrait UIInterfaceOrientationPortraitUpsideDown UIInterfaceOrientationLandscapeLeft UIInterfaceOrientationLandscapeRight";
				INFOPLIST_KEY_UISupportedInterfaceOrientations_iPhone = "UIInterfaceOrientationPortrait UIInterfaceOrientationLandscapeLeft UIInterfaceOrientationLandscapeRight";
				IPHONEOS_DEPLOYMENT_TARGET = 18.6;
				LD_RUNPATH_SEARCH_PATHS = (
					"$(inherited)",
					"@executable_path/Frameworks",
				);
				MARKETING_VERSION = 1.0;
				PRODUCT_BUNDLE_IDENTIFIER = test.KitchenCalc;
				PRODUCT_NAME = "$(TARGET_NAME)";
				STRING_CATALOG_GENERATE_SYMBOLS = YES;
				SWIFT_APPROACHABLE_CONCURRENCY = YES;
				SWIFT_DEFAULT_ACTOR_ISOLATION = MainActor;
				SWIFT_EMIT_LOC_STRINGS = YES;
				SWIFT_UPCOMING_FEATURE_MEMBER_IMPORT_VISIBILITY = YES;
				SWIFT_VERSION = 5.0;
				TARGETED_DEVICE_FAMILY = "1,2";
			};
			name = Debug;
		};
		FA5F04992F4044E7008C216A /* Release */ = {
			isa = XCBuildConfiguration;
			buildSettings = {
				ASSETCATALOG_COMPILER_APPICON_NAME = AppIcon;
				ASSETCATALOG_COMPILER_GLOBAL_ACCENT_COLOR_NAME = AccentColor;
				CODE_SIGN_STYLE = Automatic;
				CURRENT_PROJECT_VERSION = 1;
				DEVELOPMENT_TEAM = BJSCG5463N;
				ENABLE_PREVIEWS = YES;
				GENERATE_INFOPLIST_FILE = YES;
				INFOPLIST_FILE = KitchenCalc/Info.plist;
				INFOPLIST_KEY_CFBundleDisplayName = "";
				INFOPLIST_KEY_LSApplicationCategoryType = "";
				INFOPLIST_KEY_NSHumanReadableCopyright = "";
				INFOPLIST_KEY_UIApplicationSceneManifest_Generation = YES;
				INFOPLIST_KEY_UIApplicationSupportsIndirectInputEvents = YES;
				INFOPLIST_KEY_UILaunchScreen_Generation = YES;
				INFOPLIST_KEY_UISupportedInterfaceOrientations_iPad = "UIInterfaceOrientationPortrait UIInterfaceOrientationPortraitUpsideDown UIInterfaceOrientationLandscapeLeft UIInterfaceOrientationLandscapeRight";
				INFOPLIST_KEY_UISupportedInterfaceOrientations_iPhone = "UIInterfaceOrientationPortrait UIInterfaceOrientationLandscapeLeft UIInterfaceOrientationLandscapeRight";
				IPHONEOS_DEPLOYMENT_TARGET = 18.6;
				LD_RUNPATH_SEARCH_PATHS = (
					"$(inherited)",
					"@executable_path/Frameworks",
				);
				MARKETING_VERSION = 1.0;
				PRODUCT_BUNDLE_IDENTIFIER = test.KitchenCalc;
				PRODUCT_NAME = "$(TARGET_NAME)";
				STRING_CATALOG_GENERATE_SYMBOLS = YES;
				SWIFT_APPROACHABLE_CONCURRENCY = YES;
				SWIFT_DEFAULT_ACTOR_ISOLATION = MainActor;
				SWIFT_EMIT_LOC_STRINGS = YES;
				SWIFT_UPCOMING_FEATURE_MEMBER_IMPORT_VISIBILITY = YES;
				SWIFT_VERSION = 5.0;
				TARGETED_DEVICE_FAMILY = "1,2";
			};
			name = Release;
		};
/* End XCBuildConfiguration section */

/* Begin XCConfigurationList section */
		FA5F04872F4044E6008C216A /* Build configuration list for PBXProject "KitchenCalc" */ = {
			isa = XCConfigurationList;
			buildConfigurations = (
				FA5F04952F4044E7008C216A /* Debug */,
				FA5F04962F4044E7008C216A /* Release */,
			);
			defaultConfigurationIsVisible = 0;
			defaultConfigurationName = Release;
		};
		FA5F04972F4044E7008C216A /* Build configuration list for PBXNativeTarget "KitchenCalc" */ = {
			isa = XCConfigurationList;
			buildConfigurations = (
				FA5F04982F4044E7008C216A /* Debug */,
				FA5F04992F4044E7008C216A /* Release */,
			);
			defaultConfigurationIsVisible = 0;
			defaultConfigurationName = Release;
		};
/* End XCConfigurationList section */
	};
	rootObject = FA5F04842F4044E6008C216A /* Project object */;
}
